// !$*UTF8*$!
{
	archiveVersion = 1;
	classes = {
	};
	objectVersion = 46;
	objects = {

/* Begin PBXBuildFile section */
		3B33256A1AEFF4610020F630 /* DetailButton.m in Sources */ = {isa = PBXBuildFile; fileRef = 3B3325691AEFF4610020F630 /* DetailButton.m */; };
		3B3A61721AF012760059D0B2 /* personIcon.png in Resources */ = {isa = PBXBuildFile; fileRef = 3B3A616D1AF012760059D0B2 /* personIcon.png */; };
		3B3A61761AF012760059D0B2 /* backIcon.png in Resources */ = {isa = PBXBuildFile; fileRef = 3B3A61711AF012760059D0B2 /* backIcon.png */; };
		3B3A617B1AF013290059D0B2 /* videoIcon.png in Resources */ = {isa = PBXBuildFile; fileRef = 3B3A61781AF013290059D0B2 /* videoIcon.png */; };
		3B5254CD1AF1833600E64857 /* micIcon.png in Resources */ = {isa = PBXBuildFile; fileRef = 3B5254CC1AF1833600E64857 /* micIcon.png */; };
		3B5254CF1AF1834700E64857 /* cameraIcon.png in Resources */ = {isa = PBXBuildFile; fileRef = 3B5254CE1AF1834700E64857 /* cameraIcon.png */; };
		3B8102D41AEAA02F00C1D076 /* hamburger.png in Resources */ = {isa = PBXBuildFile; fileRef = 3B8102D31AEAA02F00C1D076 /* hamburger.png */; };
		3B8102D61AEAA23500C1D076 /* calendarIcon.png in Resources */ = {isa = PBXBuildFile; fileRef = 3B8102D51AEAA23500C1D076 /* calendarIcon.png */; };
		3B8102DA1AEAA67C00C1D076 /* ScheduleNavigationViewController.m in Sources */ = {isa = PBXBuildFile; fileRef = 3B8102D91AEAA67C00C1D076 /* ScheduleNavigationViewController.m */; };
		3B8102DB1AEAA67C00C1D076 /* ScheduleNavigationViewController.m in Sources */ = {isa = PBXBuildFile; fileRef = 3B8102D91AEAA67C00C1D076 /* ScheduleNavigationViewController.m */; };
		3B8102DE1AEAA6B700C1D076 /* ScheduleTableViewController.m in Sources */ = {isa = PBXBuildFile; fileRef = 3B8102DD1AEAA6B700C1D076 /* ScheduleTableViewController.m */; };
		3B8102DF1AEAA6B700C1D076 /* ScheduleTableViewController.m in Sources */ = {isa = PBXBuildFile; fileRef = 3B8102DD1AEAA6B700C1D076 /* ScheduleTableViewController.m */; };
		3B8102E21AEAA73900C1D076 /* ScheduleViewController.m in Sources */ = {isa = PBXBuildFile; fileRef = 3B8102E11AEAA73900C1D076 /* ScheduleViewController.m */; };
		3B8102E31AEAA73900C1D076 /* ScheduleViewController.m in Sources */ = {isa = PBXBuildFile; fileRef = 3B8102E11AEAA73900C1D076 /* ScheduleViewController.m */; };
		3B8102E61AEACFB900C1D076 /* AppointmentTableViewCell.m in Sources */ = {isa = PBXBuildFile; fileRef = 3B8102E51AEACFB900C1D076 /* AppointmentTableViewCell.m */; };
		3B8102E71AEACFB900C1D076 /* AppointmentTableViewCell.m in Sources */ = {isa = PBXBuildFile; fileRef = 3B8102E51AEACFB900C1D076 /* AppointmentTableViewCell.m */; };
		3B891F321AE5B38500457517 /* ReportrIcon.png in Resources */ = {isa = PBXBuildFile; fileRef = 3B891F311AE5B38500457517 /* ReportrIcon.png */; };
		3B891F331AE5B38500457517 /* ReportrIcon.png in Resources */ = {isa = PBXBuildFile; fileRef = 3B891F311AE5B38500457517 /* ReportrIcon.png */; };
		3B891F351AE6B80200457517 /* Foundation.framework in Frameworks */ = {isa = PBXBuildFile; fileRef = 3B891F341AE6B80200457517 /* Foundation.framework */; };
		3B891F371AE6B80E00457517 /* CoreMotion.framework in Frameworks */ = {isa = PBXBuildFile; fileRef = 3B891F361AE6B80E00457517 /* CoreMotion.framework */; };
		3B891F391AE6B81700457517 /* AssetsLibrary.framework in Frameworks */ = {isa = PBXBuildFile; fileRef = 3B891F381AE6B81700457517 /* AssetsLibrary.framework */; };
		3B891F3B1AE6B82800457517 /* MediaPlayer.framework in Frameworks */ = {isa = PBXBuildFile; fileRef = 3B891F3A1AE6B82800457517 /* MediaPlayer.framework */; };
		3B891F3D1AE6B86000457517 /* UIKit.framework in Frameworks */ = {isa = PBXBuildFile; fileRef = 3B891F3C1AE6B86000457517 /* UIKit.framework */; };
		3B8F9D0B1AE6D53100F74EB0 /* LoginViewController.m in Sources */ = {isa = PBXBuildFile; fileRef = 3B8F9D091AE6D53100F74EB0 /* LoginViewController.m */; };
		3B8F9D0D1AE6D6F700F74EB0 /* LoginViewController.m in Sources */ = {isa = PBXBuildFile; fileRef = 3B8F9D091AE6D53100F74EB0 /* LoginViewController.m */; };
		3B8F9D0F1AE6D76F00F74EB0 /* Firebase.framework in Frameworks */ = {isa = PBXBuildFile; fileRef = 3B8F9D0E1AE6D76F00F74EB0 /* Firebase.framework */; };
		3B8F9D101AE6D76F00F74EB0 /* Firebase.framework in Frameworks */ = {isa = PBXBuildFile; fileRef = 3B8F9D0E1AE6D76F00F74EB0 /* Firebase.framework */; };
		3B8F9D111AE6D97500F74EB0 /* SystemConfiguration.framework in Frameworks */ = {isa = PBXBuildFile; fileRef = 3B928FA11AC5C89100F27710 /* SystemConfiguration.framework */; };
		3B8F9D121AE6D9C400F74EB0 /* LaunchScreen.xib in Resources */ = {isa = PBXBuildFile; fileRef = 3B928E4B1AC5B71000F27710 /* LaunchScreen.xib */; };
		3B8F9D151AE6EF7300F74EB0 /* UserModel.m in Sources */ = {isa = PBXBuildFile; fileRef = 3B8F9D141AE6EF7300F74EB0 /* UserModel.m */; };
		3B8F9D161AE6EF7300F74EB0 /* UserModel.m in Sources */ = {isa = PBXBuildFile; fileRef = 3B8F9D141AE6EF7300F74EB0 /* UserModel.m */; };
		3B8F9D1E1AE70AF500F74EB0 /* MapNavigationController.m in Sources */ = {isa = PBXBuildFile; fileRef = 3B8F9D1D1AE70AF500F74EB0 /* MapNavigationController.m */; };
		3B8F9D1F1AE70AF500F74EB0 /* MapNavigationController.m in Sources */ = {isa = PBXBuildFile; fileRef = 3B8F9D1D1AE70AF500F74EB0 /* MapNavigationController.m */; };
		3B8F9D221AE84E7300F74EB0 /* AppointmentModel.m in Sources */ = {isa = PBXBuildFile; fileRef = 3B8F9D211AE84E7300F74EB0 /* AppointmentModel.m */; };
		3B8F9D231AE84E7300F74EB0 /* AppointmentModel.m in Sources */ = {isa = PBXBuildFile; fileRef = 3B8F9D211AE84E7300F74EB0 /* AppointmentModel.m */; };
		3B928E3C1AC5B71000F27710 /* main.m in Sources */ = {isa = PBXBuildFile; fileRef = 3B928E3B1AC5B71000F27710 /* main.m */; };
		3B928E3F1AC5B71000F27710 /* AppDelegate.m in Sources */ = {isa = PBXBuildFile; fileRef = 3B928E3E1AC5B71000F27710 /* AppDelegate.m */; };
		3B928E451AC5B71000F27710 /* MapViewController.m in Sources */ = {isa = PBXBuildFile; fileRef = 3B928E441AC5B71000F27710 /* MapViewController.m */; };
		3B928E481AC5B71000F27710 /* Main.storyboard in Resources */ = {isa = PBXBuildFile; fileRef = 3B928E461AC5B71000F27710 /* Main.storyboard */; };
		3B928E4A1AC5B71000F27710 /* Images.xcassets in Resources */ = {isa = PBXBuildFile; fileRef = 3B928E491AC5B71000F27710 /* Images.xcassets */; };
		3B928E591AC5B71000F27710 /* ReportrTests.m in Sources */ = {isa = PBXBuildFile; fileRef = 3B928E581AC5B71000F27710 /* ReportrTests.m */; };
		3B928F861AC5C7C600F27710 /* GoogleMaps.framework in Frameworks */ = {isa = PBXBuildFile; fileRef = 3B928F851AC5C7C600F27710 /* GoogleMaps.framework */; };
		3B928F8C1AC5C83700F27710 /* AVFoundation.framework in Frameworks */ = {isa = PBXBuildFile; fileRef = 3B928F8B1AC5C83700F27710 /* AVFoundation.framework */; };
		3B928F8E1AC5C83D00F27710 /* CoreData.framework in Frameworks */ = {isa = PBXBuildFile; fileRef = 3B928F8D1AC5C83D00F27710 /* CoreData.framework */; };
		3B928F901AC5C84300F27710 /* CoreLocation.framework in Frameworks */ = {isa = PBXBuildFile; fileRef = 3B928F8F1AC5C84300F27710 /* CoreLocation.framework */; };
		3B928F921AC5C84C00F27710 /* CoreText.framework in Frameworks */ = {isa = PBXBuildFile; fileRef = 3B928F911AC5C84C00F27710 /* CoreText.framework */; };
		3B928F941AC5C85400F27710 /* GLKit.framework in Frameworks */ = {isa = PBXBuildFile; fileRef = 3B928F931AC5C85400F27710 /* GLKit.framework */; };
		3B928F961AC5C85D00F27710 /* ImageIO.framework in Frameworks */ = {isa = PBXBuildFile; fileRef = 3B928F951AC5C85D00F27710 /* ImageIO.framework */; };
		3B928F981AC5C86800F27710 /* libc++.dylib in Frameworks */ = {isa = PBXBuildFile; fileRef = 3B928F971AC5C86800F27710 /* libc++.dylib */; };
		3B928F9A1AC5C87400F27710 /* libicucore.dylib in Frameworks */ = {isa = PBXBuildFile; fileRef = 3B928F991AC5C87400F27710 /* libicucore.dylib */; };
		3B928F9C1AC5C87A00F27710 /* libz.dylib in Frameworks */ = {isa = PBXBuildFile; fileRef = 3B928F9B1AC5C87A00F27710 /* libz.dylib */; };
		3B928F9E1AC5C88000F27710 /* OpenGLES.framework in Frameworks */ = {isa = PBXBuildFile; fileRef = 3B928F9D1AC5C88000F27710 /* OpenGLES.framework */; };
		3B928FA01AC5C88700F27710 /* QuartzCore.framework in Frameworks */ = {isa = PBXBuildFile; fileRef = 3B928F9F1AC5C88700F27710 /* QuartzCore.framework */; };
		3B928FB01AC84CD400F27710 /* GoogleMaps.bundle in Resources */ = {isa = PBXBuildFile; fileRef = 3B928FAF1AC84CD400F27710 /* GoogleMaps.bundle */; };
		3B9B2AE71AE946B800CC641E /* reportrCloud.png in Resources */ = {isa = PBXBuildFile; fileRef = 3B9B2AE61AE946B800CC641E /* reportrCloud.png */; };
		3BA8AE551AE9589E0000C9A8 /* MDDirectionService.m in Sources */ = {isa = PBXBuildFile; fileRef = 3BA8AE541AE9589E0000C9A8 /* MDDirectionService.m */; };
		3BA8AE561AE9589E0000C9A8 /* MDDirectionService.m in Sources */ = {isa = PBXBuildFile; fileRef = 3BA8AE541AE9589E0000C9A8 /* MDDirectionService.m */; };
		3BC242671ACDAF650061036B /* CFNetwork.framework in Frameworks */ = {isa = PBXBuildFile; fileRef = 3BC242661ACDAF650061036B /* CFNetwork.framework */; };
		3BC242691ACDAF710061036B /* Security.framework in Frameworks */ = {isa = PBXBuildFile; fileRef = 3BC242681ACDAF710061036B /* Security.framework */; };
/* End PBXBuildFile section */

/* Begin PBXContainerItemProxy section */
		3B928E531AC5B71000F27710 /* PBXContainerItemProxy */ = {
			isa = PBXContainerItemProxy;
			containerPortal = 3B928E2E1AC5B71000F27710 /* Project object */;
			proxyType = 1;
			remoteGlobalIDString = 3B928E351AC5B71000F27710;
			remoteInfo = Reportr;
		};
/* End PBXContainerItemProxy section */

/* Begin PBXFileReference section */
		3B3325681AEFF4610020F630 /* DetailButton.h */ = {isa = PBXFileReference; fileEncoding = 4; lastKnownFileType = sourcecode.c.h; path = DetailButton.h; sourceTree = "<group>"; };
		3B3325691AEFF4610020F630 /* DetailButton.m */ = {isa = PBXFileReference; fileEncoding = 4; lastKnownFileType = sourcecode.c.objc; path = DetailButton.m; sourceTree = "<group>"; };
		3B3A616D1AF012760059D0B2 /* personIcon.png */ = {isa = PBXFileReference; lastKnownFileType = image.png; path = personIcon.png; sourceTree = "<group>"; };
		3B3A61711AF012760059D0B2 /* backIcon.png */ = {isa = PBXFileReference; lastKnownFileType = image.png; path = backIcon.png; sourceTree = "<group>"; };
		3B3A61781AF013290059D0B2 /* videoIcon.png */ = {isa = PBXFileReference; lastKnownFileType = image.png; path = videoIcon.png; sourceTree = "<group>"; };
		3B5254CC1AF1833600E64857 /* micIcon.png */ = {isa = PBXFileReference; lastKnownFileType = image.png; path = micIcon.png; sourceTree = "<group>"; };
		3B5254CE1AF1834700E64857 /* cameraIcon.png */ = {isa = PBXFileReference; lastKnownFileType = image.png; path = cameraIcon.png; sourceTree = "<group>"; };
		3B8102D31AEAA02F00C1D076 /* hamburger.png */ = {isa = PBXFileReference; lastKnownFileType = image.png; path = hamburger.png; sourceTree = "<group>"; };
		3B8102D51AEAA23500C1D076 /* calendarIcon.png */ = {isa = PBXFileReference; lastKnownFileType = image.png; path = calendarIcon.png; sourceTree = "<group>"; };
		3B8102D81AEAA67C00C1D076 /* ScheduleNavigationViewController.h */ = {isa = PBXFileReference; fileEncoding = 4; lastKnownFileType = sourcecode.c.h; path = ScheduleNavigationViewController.h; sourceTree = "<group>"; };
		3B8102D91AEAA67C00C1D076 /* ScheduleNavigationViewController.m */ = {isa = PBXFileReference; fileEncoding = 4; lastKnownFileType = sourcecode.c.objc; path = ScheduleNavigationViewController.m; sourceTree = "<group>"; };
		3B8102DC1AEAA6B700C1D076 /* ScheduleTableViewController.h */ = {isa = PBXFileReference; fileEncoding = 4; lastKnownFileType = sourcecode.c.h; path = ScheduleTableViewController.h; sourceTree = "<group>"; };
		3B8102DD1AEAA6B700C1D076 /* ScheduleTableViewController.m */ = {isa = PBXFileReference; fileEncoding = 4; lastKnownFileType = sourcecode.c.objc; path = ScheduleTableViewController.m; sourceTree = "<group>"; };
		3B8102E01AEAA73900C1D076 /* ScheduleViewController.h */ = {isa = PBXFileReference; fileEncoding = 4; lastKnownFileType = sourcecode.c.h; path = ScheduleViewController.h; sourceTree = "<group>"; };
		3B8102E11AEAA73900C1D076 /* ScheduleViewController.m */ = {isa = PBXFileReference; fileEncoding = 4; lastKnownFileType = sourcecode.c.objc; path = ScheduleViewController.m; sourceTree = "<group>"; };
		3B8102E41AEACFB900C1D076 /* AppointmentTableViewCell.h */ = {isa = PBXFileReference; fileEncoding = 4; lastKnownFileType = sourcecode.c.h; path = AppointmentTableViewCell.h; sourceTree = "<group>"; };
		3B8102E51AEACFB900C1D076 /* AppointmentTableViewCell.m */ = {isa = PBXFileReference; fileEncoding = 4; lastKnownFileType = sourcecode.c.objc; path = AppointmentTableViewCell.m; sourceTree = "<group>"; };
		3B891F311AE5B38500457517 /* ReportrIcon.png */ = {isa = PBXFileReference; lastKnownFileType = image.png; path = ReportrIcon.png; sourceTree = "<group>"; };
		3B891F341AE6B80200457517 /* Foundation.framework */ = {isa = PBXFileReference; lastKnownFileType = wrapper.framework; name = Foundation.framework; path = System/Library/Frameworks/Foundation.framework; sourceTree = SDKROOT; };
		3B891F361AE6B80E00457517 /* CoreMotion.framework */ = {isa = PBXFileReference; lastKnownFileType = wrapper.framework; name = CoreMotion.framework; path = System/Library/Frameworks/CoreMotion.framework; sourceTree = SDKROOT; };
		3B891F381AE6B81700457517 /* AssetsLibrary.framework */ = {isa = PBXFileReference; lastKnownFileType = wrapper.framework; name = AssetsLibrary.framework; path = System/Library/Frameworks/AssetsLibrary.framework; sourceTree = SDKROOT; };
		3B891F3A1AE6B82800457517 /* MediaPlayer.framework */ = {isa = PBXFileReference; lastKnownFileType = wrapper.framework; name = MediaPlayer.framework; path = System/Library/Frameworks/MediaPlayer.framework; sourceTree = SDKROOT; };
		3B891F3C1AE6B86000457517 /* UIKit.framework */ = {isa = PBXFileReference; lastKnownFileType = wrapper.framework; name = UIKit.framework; path = System/Library/Frameworks/UIKit.framework; sourceTree = SDKROOT; };
		3B8F9D081AE6D53100F74EB0 /* LoginViewController.h */ = {isa = PBXFileReference; fileEncoding = 4; lastKnownFileType = sourcecode.c.h; path = LoginViewController.h; sourceTree = "<group>"; };
		3B8F9D091AE6D53100F74EB0 /* LoginViewController.m */ = {isa = PBXFileReference; fileEncoding = 4; lastKnownFileType = sourcecode.c.objc; path = LoginViewController.m; sourceTree = "<group>"; };
		3B8F9D0E1AE6D76F00F74EB0 /* Firebase.framework */ = {isa = PBXFileReference; lastKnownFileType = wrapper.framework; path = Firebase.framework; sourceTree = "<group>"; };
		3B8F9D131AE6EF7300F74EB0 /* UserModel.h */ = {isa = PBXFileReference; fileEncoding = 4; lastKnownFileType = sourcecode.c.h; path = UserModel.h; sourceTree = "<group>"; };
		3B8F9D141AE6EF7300F74EB0 /* UserModel.m */ = {isa = PBXFileReference; fileEncoding = 4; lastKnownFileType = sourcecode.c.objc; path = UserModel.m; sourceTree = "<group>"; };
		3B8F9D1C1AE70AF500F74EB0 /* MapNavigationController.h */ = {isa = PBXFileReference; fileEncoding = 4; lastKnownFileType = sourcecode.c.h; path = MapNavigationController.h; sourceTree = "<group>"; };
		3B8F9D1D1AE70AF500F74EB0 /* MapNavigationController.m */ = {isa = PBXFileReference; fileEncoding = 4; lastKnownFileType = sourcecode.c.objc; path = MapNavigationController.m; sourceTree = "<group>"; };
		3B8F9D201AE84E7300F74EB0 /* AppointmentModel.h */ = {isa = PBXFileReference; fileEncoding = 4; lastKnownFileType = sourcecode.c.h; path = AppointmentModel.h; sourceTree = "<group>"; };
		3B8F9D211AE84E7300F74EB0 /* AppointmentModel.m */ = {isa = PBXFileReference; fileEncoding = 4; lastKnownFileType = sourcecode.c.objc; path = AppointmentModel.m; sourceTree = "<group>"; };
		3B928E361AC5B71000F27710 /* Reportr.app */ = {isa = PBXFileReference; explicitFileType = wrapper.application; includeInIndex = 0; path = Reportr.app; sourceTree = BUILT_PRODUCTS_DIR; };
		3B928E3A1AC5B71000F27710 /* Info.plist */ = {isa = PBXFileReference; lastKnownFileType = text.plist.xml; path = Info.plist; sourceTree = "<group>"; };
		3B928E3B1AC5B71000F27710 /* main.m */ = {isa = PBXFileReference; lastKnownFileType = sourcecode.c.objc; path = main.m; sourceTree = "<group>"; };
		3B928E3D1AC5B71000F27710 /* AppDelegate.h */ = {isa = PBXFileReference; lastKnownFileType = sourcecode.c.h; path = AppDelegate.h; sourceTree = "<group>"; };
		3B928E3E1AC5B71000F27710 /* AppDelegate.m */ = {isa = PBXFileReference; lastKnownFileType = sourcecode.c.objc; path = AppDelegate.m; sourceTree = "<group>"; };
		3B928E431AC5B71000F27710 /* MapViewController.h */ = {isa = PBXFileReference; lastKnownFileType = sourcecode.c.h; path = MapViewController.h; sourceTree = "<group>"; };
		3B928E441AC5B71000F27710 /* MapViewController.m */ = {isa = PBXFileReference; lastKnownFileType = sourcecode.c.objc; path = MapViewController.m; sourceTree = "<group>"; };
		3B928E471AC5B71000F27710 /* Base */ = {isa = PBXFileReference; lastKnownFileType = file.storyboard; name = Base; path = Base.lproj/Main.storyboard; sourceTree = "<group>"; };
		3B928E491AC5B71000F27710 /* Images.xcassets */ = {isa = PBXFileReference; lastKnownFileType = folder.assetcatalog; path = Images.xcassets; sourceTree = "<group>"; };
		3B928E4C1AC5B71000F27710 /* Base */ = {isa = PBXFileReference; lastKnownFileType = file.xib; name = Base; path = Base.lproj/LaunchScreen.xib; sourceTree = "<group>"; };
		3B928E521AC5B71000F27710 /* ReportrTests.xctest */ = {isa = PBXFileReference; explicitFileType = wrapper.cfbundle; includeInIndex = 0; path = ReportrTests.xctest; sourceTree = BUILT_PRODUCTS_DIR; };
		3B928E571AC5B71000F27710 /* Info.plist */ = {isa = PBXFileReference; lastKnownFileType = text.plist.xml; path = Info.plist; sourceTree = "<group>"; };
		3B928E581AC5B71000F27710 /* ReportrTests.m */ = {isa = PBXFileReference; lastKnownFileType = sourcecode.c.objc; path = ReportrTests.m; sourceTree = "<group>"; };
		3B928F851AC5C7C600F27710 /* GoogleMaps.framework */ = {isa = PBXFileReference; lastKnownFileType = wrapper.framework; name = GoogleMaps.framework; path = Reportr/GoogleMaps.framework; sourceTree = "<group>"; };
		3B928F8B1AC5C83700F27710 /* AVFoundation.framework */ = {isa = PBXFileReference; lastKnownFileType = wrapper.framework; name = AVFoundation.framework; path = System/Library/Frameworks/AVFoundation.framework; sourceTree = SDKROOT; };
		3B928F8D1AC5C83D00F27710 /* CoreData.framework */ = {isa = PBXFileReference; lastKnownFileType = wrapper.framework; name = CoreData.framework; path = System/Library/Frameworks/CoreData.framework; sourceTree = SDKROOT; };
		3B928F8F1AC5C84300F27710 /* CoreLocation.framework */ = {isa = PBXFileReference; lastKnownFileType = wrapper.framework; name = CoreLocation.framework; path = System/Library/Frameworks/CoreLocation.framework; sourceTree = SDKROOT; };
		3B928F911AC5C84C00F27710 /* CoreText.framework */ = {isa = PBXFileReference; lastKnownFileType = wrapper.framework; name = CoreText.framework; path = System/Library/Frameworks/CoreText.framework; sourceTree = SDKROOT; };
		3B928F931AC5C85400F27710 /* GLKit.framework */ = {isa = PBXFileReference; lastKnownFileType = wrapper.framework; name = GLKit.framework; path = System/Library/Frameworks/GLKit.framework; sourceTree = SDKROOT; };
		3B928F951AC5C85D00F27710 /* ImageIO.framework */ = {isa = PBXFileReference; lastKnownFileType = wrapper.framework; name = ImageIO.framework; path = System/Library/Frameworks/ImageIO.framework; sourceTree = SDKROOT; };
		3B928F971AC5C86800F27710 /* libc++.dylib */ = {isa = PBXFileReference; lastKnownFileType = "compiled.mach-o.dylib"; name = "libc++.dylib"; path = "usr/lib/libc++.dylib"; sourceTree = SDKROOT; };
		3B928F991AC5C87400F27710 /* libicucore.dylib */ = {isa = PBXFileReference; lastKnownFileType = "compiled.mach-o.dylib"; name = libicucore.dylib; path = usr/lib/libicucore.dylib; sourceTree = SDKROOT; };
		3B928F9B1AC5C87A00F27710 /* libz.dylib */ = {isa = PBXFileReference; lastKnownFileType = "compiled.mach-o.dylib"; name = libz.dylib; path = usr/lib/libz.dylib; sourceTree = SDKROOT; };
		3B928F9D1AC5C88000F27710 /* OpenGLES.framework */ = {isa = PBXFileReference; lastKnownFileType = wrapper.framework; name = OpenGLES.framework; path = System/Library/Frameworks/OpenGLES.framework; sourceTree = SDKROOT; };
		3B928F9F1AC5C88700F27710 /* QuartzCore.framework */ = {isa = PBXFileReference; lastKnownFileType = wrapper.framework; name = QuartzCore.framework; path = System/Library/Frameworks/QuartzCore.framework; sourceTree = SDKROOT; };
		3B928FA11AC5C89100F27710 /* SystemConfiguration.framework */ = {isa = PBXFileReference; lastKnownFileType = wrapper.framework; name = SystemConfiguration.framework; path = System/Library/Frameworks/SystemConfiguration.framework; sourceTree = SDKROOT; };
		3B928FAF1AC84CD400F27710 /* GoogleMaps.bundle */ = {isa = PBXFileReference; lastKnownFileType = "wrapper.plug-in"; path = GoogleMaps.bundle; sourceTree = "<group>"; };
		3B9B2AE61AE946B800CC641E /* reportrCloud.png */ = {isa = PBXFileReference; lastKnownFileType = image.png; path = reportrCloud.png; sourceTree = "<group>"; };
		3BA8AE531AE9589E0000C9A8 /* MDDirectionService.h */ = {isa = PBXFileReference; fileEncoding = 4; lastKnownFileType = sourcecode.c.h; path = MDDirectionService.h; sourceTree = "<group>"; };
		3BA8AE541AE9589E0000C9A8 /* MDDirectionService.m */ = {isa = PBXFileReference; fileEncoding = 4; lastKnownFileType = sourcecode.c.objc; path = MDDirectionService.m; sourceTree = "<group>"; };
		3BC242641ACDAF390061036B /* Firebase.framework */ = {isa = PBXFileReference; lastKnownFileType = wrapper.framework; path = Firebase.framework; sourceTree = "<group>"; };
		3BC242661ACDAF650061036B /* CFNetwork.framework */ = {isa = PBXFileReference; lastKnownFileType = wrapper.framework; name = CFNetwork.framework; path = System/Library/Frameworks/CFNetwork.framework; sourceTree = SDKROOT; };
		3BC242681ACDAF710061036B /* Security.framework */ = {isa = PBXFileReference; lastKnownFileType = wrapper.framework; name = Security.framework; path = System/Library/Frameworks/Security.framework; sourceTree = SDKROOT; };
/* End PBXFileReference section */

/* Begin PBXFrameworksBuildPhase section */
		3B928E331AC5B71000F27710 /* Frameworks */ = {
			isa = PBXFrameworksBuildPhase;
			buildActionMask = 2147483647;
			files = (
				3B891F351AE6B80200457517 /* Foundation.framework in Frameworks */,
				3B891F3D1AE6B86000457517 /* UIKit.framework in Frameworks */,
				3B8F9D111AE6D97500F74EB0 /* SystemConfiguration.framework in Frameworks */,
				3BC242691ACDAF710061036B /* Security.framework in Frameworks */,
				3B928F9A1AC5C87400F27710 /* libicucore.dylib in Frameworks */,
				3B928F981AC5C86800F27710 /* libc++.dylib in Frameworks */,
				3B928F9C1AC5C87A00F27710 /* libz.dylib in Frameworks */,
				3BC242671ACDAF650061036B /* CFNetwork.framework in Frameworks */,
				3B891F3B1AE6B82800457517 /* MediaPlayer.framework in Frameworks */,
				3B891F391AE6B81700457517 /* AssetsLibrary.framework in Frameworks */,
				3B891F371AE6B80E00457517 /* CoreMotion.framework in Frameworks */,
				3B928FA01AC5C88700F27710 /* QuartzCore.framework in Frameworks */,
				3B928F9E1AC5C88000F27710 /* OpenGLES.framework in Frameworks */,
				3B928F961AC5C85D00F27710 /* ImageIO.framework in Frameworks */,
				3B928F941AC5C85400F27710 /* GLKit.framework in Frameworks */,
				3B928F921AC5C84C00F27710 /* CoreText.framework in Frameworks */,
				3B928F901AC5C84300F27710 /* CoreLocation.framework in Frameworks */,
				3B928F8E1AC5C83D00F27710 /* CoreData.framework in Frameworks */,
				3B928F8C1AC5C83700F27710 /* AVFoundation.framework in Frameworks */,
				3B928F861AC5C7C600F27710 /* GoogleMaps.framework in Frameworks */,
				3B8F9D0F1AE6D76F00F74EB0 /* Firebase.framework in Frameworks */,
			);
			runOnlyForDeploymentPostprocessing = 0;
		};
		3B928E4F1AC5B71000F27710 /* Frameworks */ = {
			isa = PBXFrameworksBuildPhase;
			buildActionMask = 2147483647;
			files = (
				3B8F9D101AE6D76F00F74EB0 /* Firebase.framework in Frameworks */,
			);
			runOnlyForDeploymentPostprocessing = 0;
		};
/* End PBXFrameworksBuildPhase section */

/* Begin PBXGroup section */
		3B8102D71AEAA61C00C1D076 /* Schedule */ = {
			isa = PBXGroup;
			children = (
				3B8102D81AEAA67C00C1D076 /* ScheduleNavigationViewController.h */,
				3B8102D91AEAA67C00C1D076 /* ScheduleNavigationViewController.m */,
				3B8102DC1AEAA6B700C1D076 /* ScheduleTableViewController.h */,
				3B8102DD1AEAA6B700C1D076 /* ScheduleTableViewController.m */,
				3B8102E01AEAA73900C1D076 /* ScheduleViewController.h */,
				3B8102E11AEAA73900C1D076 /* ScheduleViewController.m */,
				3B8102E41AEACFB900C1D076 /* AppointmentTableViewCell.h */,
				3B8102E51AEACFB900C1D076 /* AppointmentTableViewCell.m */,
				3B3325681AEFF4610020F630 /* DetailButton.h */,
				3B3325691AEFF4610020F630 /* DetailButton.m */,
			);
			name = Schedule;
			sourceTree = "<group>";
		};
		3B891F2B1AE5AAB500457517 /* Login */ = {
			isa = PBXGroup;
			children = (
				3B8F9D081AE6D53100F74EB0 /* LoginViewController.h */,
				3B8F9D091AE6D53100F74EB0 /* LoginViewController.m */,
			);
			name = Login;
			sourceTree = "<group>";
		};
		3B891F301AE5B37C00457517 /* images */ = {
			isa = PBXGroup;
			children = (
				3B5254CE1AF1834700E64857 /* cameraIcon.png */,
				3B5254CC1AF1833600E64857 /* micIcon.png */,
				3B3A61781AF013290059D0B2 /* videoIcon.png */,
				3B3A616D1AF012760059D0B2 /* personIcon.png */,
				3B3A61711AF012760059D0B2 /* backIcon.png */,
				3B8102D51AEAA23500C1D076 /* calendarIcon.png */,
				3B8102D31AEAA02F00C1D076 /* hamburger.png */,
				3B9B2AE61AE946B800CC641E /* reportrCloud.png */,
				3B891F311AE5B38500457517 /* ReportrIcon.png */,
			);
			name = images;
			sourceTree = "<group>";
		};
		3B8F9D171AE6EF7800F74EB0 /* Model */ = {
			isa = PBXGroup;
			children = (
				3B8F9D131AE6EF7300F74EB0 /* UserModel.h */,
				3B8F9D141AE6EF7300F74EB0 /* UserModel.m */,
				3B8F9D201AE84E7300F74EB0 /* AppointmentModel.h */,
				3B8F9D211AE84E7300F74EB0 /* AppointmentModel.m */,
			);
			name = Model;
			sourceTree = "<group>";
		};
		3B928E2D1AC5B71000F27710 = {
			isa = PBXGroup;
			children = (
				3B928E381AC5B71000F27710 /* Reportr */,
				3B928E551AC5B71000F27710 /* ReportrTests */,
				3B928E371AC5B71000F27710 /* Products */,
			);
			sourceTree = "<group>";
		};
		3B928E371AC5B71000F27710 /* Products */ = {
			isa = PBXGroup;
			children = (
				3B928E361AC5B71000F27710 /* Reportr.app */,
				3B928E521AC5B71000F27710 /* ReportrTests.xctest */,
			);
			name = Products;
			sourceTree = "<group>";
		};
		3B928E381AC5B71000F27710 /* Reportr */ = {
			isa = PBXGroup;
			children = (
				3B928FB11AC84ECA00F27710 /* Classes */,
				3B928FA41AC5FBCA00F27710 /* Resources */,
				3B928FA31AC5C8E900F27710 /* Frameworks */,
				3B928E391AC5B71000F27710 /* Supporting Files */,
			);
			path = Reportr;
			sourceTree = "<group>";
		};
		3B928E391AC5B71000F27710 /* Supporting Files */ = {
			isa = PBXGroup;
			children = (
				3B928E3A1AC5B71000F27710 /* Info.plist */,
				3B928E3B1AC5B71000F27710 /* main.m */,
			);
			name = "Supporting Files";
			sourceTree = "<group>";
		};
		3B928E551AC5B71000F27710 /* ReportrTests */ = {
			isa = PBXGroup;
			children = (
				3B928E581AC5B71000F27710 /* ReportrTests.m */,
				3B928E561AC5B71000F27710 /* Supporting Files */,
			);
			path = ReportrTests;
			sourceTree = "<group>";
		};
		3B928E561AC5B71000F27710 /* Supporting Files */ = {
			isa = PBXGroup;
			children = (
				3B928E571AC5B71000F27710 /* Info.plist */,
			);
			name = "Supporting Files";
			sourceTree = "<group>";
		};
		3B928FA31AC5C8E900F27710 /* Frameworks */ = {
			isa = PBXGroup;
			children = (
				3B8F9D0E1AE6D76F00F74EB0 /* Firebase.framework */,
				3B891F3A1AE6B82800457517 /* MediaPlayer.framework */,
				3B891F3C1AE6B86000457517 /* UIKit.framework */,
				3B891F381AE6B81700457517 /* AssetsLibrary.framework */,
				3B891F361AE6B80E00457517 /* CoreMotion.framework */,
				3B891F341AE6B80200457517 /* Foundation.framework */,
				3BC242641ACDAF390061036B /* Firebase.framework */,
				3BC242681ACDAF710061036B /* Security.framework */,
				3BC242661ACDAF650061036B /* CFNetwork.framework */,
				3B928FAF1AC84CD400F27710 /* GoogleMaps.bundle */,
				3B928F851AC5C7C600F27710 /* GoogleMaps.framework */,
				3B928FA11AC5C89100F27710 /* SystemConfiguration.framework */,
				3B928F9F1AC5C88700F27710 /* QuartzCore.framework */,
				3B928F9D1AC5C88000F27710 /* OpenGLES.framework */,
				3B928F9B1AC5C87A00F27710 /* libz.dylib */,
				3B928F991AC5C87400F27710 /* libicucore.dylib */,
				3B928F971AC5C86800F27710 /* libc++.dylib */,
				3B928F951AC5C85D00F27710 /* ImageIO.framework */,
				3B928F931AC5C85400F27710 /* GLKit.framework */,
				3B928F911AC5C84C00F27710 /* CoreText.framework */,
				3B928F8F1AC5C84300F27710 /* CoreLocation.framework */,
				3B928F8D1AC5C83D00F27710 /* CoreData.framework */,
				3B928F8B1AC5C83700F27710 /* AVFoundation.framework */,
			);
			name = Frameworks;
			path = ..;
			sourceTree = "<group>";
		};
		3B928FA41AC5FBCA00F27710 /* Resources */ = {
			isa = PBXGroup;
			children = (
				3B891F301AE5B37C00457517 /* images */,
				3B928E491AC5B71000F27710 /* Images.xcassets */,
			);
			name = Resources;
			sourceTree = "<group>";
		};
		3B928FB11AC84ECA00F27710 /* Classes */ = {
			isa = PBXGroup;
			children = (
				3B928E461AC5B71000F27710 /* Main.storyboard */,
				3B928E4B1AC5B71000F27710 /* LaunchScreen.xib */,
				3BA8AE511AE9586E0000C9A8 /* Services */,
				3BA8AE521AE958760000C9A8 /* Controllers */,
				3B928E3D1AC5B71000F27710 /* AppDelegate.h */,
				3B928E3E1AC5B71000F27710 /* AppDelegate.m */,
				3B8F9D171AE6EF7800F74EB0 /* Model */,
			);
			name = Classes;
			sourceTree = "<group>";
		};
		3B928FB21AC84F2E00F27710 /* Map */ = {
			isa = PBXGroup;
			children = (
				3B8F9D1C1AE70AF500F74EB0 /* MapNavigationController.h */,
				3B8F9D1D1AE70AF500F74EB0 /* MapNavigationController.m */,
				3B928E431AC5B71000F27710 /* MapViewController.h */,
				3B928E441AC5B71000F27710 /* MapViewController.m */,
			);
			name = Map;
			sourceTree = "<group>";
		};
		3BA8AE511AE9586E0000C9A8 /* Services */ = {
			isa = PBXGroup;
			children = (
				3BA8AE531AE9589E0000C9A8 /* MDDirectionService.h */,
				3BA8AE541AE9589E0000C9A8 /* MDDirectionService.m */,
			);
			name = Services;
			sourceTree = "<group>";
		};
		3BA8AE521AE958760000C9A8 /* Controllers */ = {
			isa = PBXGroup;
			children = (
				3B8102D71AEAA61C00C1D076 /* Schedule */,
				3B928FB21AC84F2E00F27710 /* Map */,
				3B891F2B1AE5AAB500457517 /* Login */,
			);
			name = Controllers;
			sourceTree = "<group>";
		};
/* End PBXGroup section */

/* Begin PBXNativeTarget section */
		3B928E351AC5B71000F27710 /* Reportr */ = {
			isa = PBXNativeTarget;
			buildConfigurationList = 3B928E5C1AC5B71000F27710 /* Build configuration list for PBXNativeTarget "Reportr" */;
			buildPhases = (
				3B928E321AC5B71000F27710 /* Sources */,
				3B928E331AC5B71000F27710 /* Frameworks */,
				3B928E341AC5B71000F27710 /* Resources */,
			);
			buildRules = (
			);
			dependencies = (
			);
			name = Reportr;
			productName = Reportr;
			productReference = 3B928E361AC5B71000F27710 /* Reportr.app */;
			productType = "com.apple.product-type.application";
		};
		3B928E511AC5B71000F27710 /* ReportrTests */ = {
			isa = PBXNativeTarget;
			buildConfigurationList = 3B928E5F1AC5B71000F27710 /* Build configuration list for PBXNativeTarget "ReportrTests" */;
			buildPhases = (
				3B928E4E1AC5B71000F27710 /* Sources */,
				3B928E4F1AC5B71000F27710 /* Frameworks */,
				3B928E501AC5B71000F27710 /* Resources */,
			);
			buildRules = (
			);
			dependencies = (
				3B928E541AC5B71000F27710 /* PBXTargetDependency */,
			);
			name = ReportrTests;
			productName = ReportrTests;
			productReference = 3B928E521AC5B71000F27710 /* ReportrTests.xctest */;
			productType = "com.apple.product-type.bundle.unit-test";
		};
/* End PBXNativeTarget section */

/* Begin PBXProject section */
		3B928E2E1AC5B71000F27710 /* Project object */ = {
			isa = PBXProject;
			attributes = {
				LastUpgradeCheck = 0630;
				ORGANIZATIONNAME = "Lopez Negrete Communications";
				TargetAttributes = {
					3B928E351AC5B71000F27710 = {
						CreatedOnToolsVersion = 6.2;
						DevelopmentTeam = K45SCZ3C29;
					};
					3B928E511AC5B71000F27710 = {
						CreatedOnToolsVersion = 6.2;
						TestTargetID = 3B928E351AC5B71000F27710;
					};
				};
			};
			buildConfigurationList = 3B928E311AC5B71000F27710 /* Build configuration list for PBXProject "Reportr" */;
			compatibilityVersion = "Xcode 3.2";
			developmentRegion = English;
			hasScannedForEncodings = 0;
			knownRegions = (
				en,
				Base,
				ar,
				ca,
				cs,
				da,
				de,
				el,
				en_GB,
				es,
				fi,
				fr,
				he,
				hr,
				hu,
				id,
				it,
				ja,
				ko,
				ms,
				nl,
				no,
				pl,
				pt,
				pt_PT,
				ro,
				ru,
				sk,
				sv,
				th,
				tr,
				uk,
				vi,
				zh_CN,
				zh_TW,
			);
			mainGroup = 3B928E2D1AC5B71000F27710;
			productRefGroup = 3B928E371AC5B71000F27710 /* Products */;
			projectDirPath = "";
			projectRoot = "";
			targets = (
				3B928E351AC5B71000F27710 /* Reportr */,
				3B928E511AC5B71000F27710 /* ReportrTests */,
			);
		};
/* End PBXProject section */

/* Begin PBXResourcesBuildPhase section */
		3B928E341AC5B71000F27710 /* Resources */ = {
			isa = PBXResourcesBuildPhase;
			buildActionMask = 2147483647;
			files = (
				3B8F9D121AE6D9C400F74EB0 /* LaunchScreen.xib in Resources */,
				3B5254CD1AF1833600E64857 /* micIcon.png in Resources */,
				3B8102D41AEAA02F00C1D076 /* hamburger.png in Resources */,
				3B928E481AC5B71000F27710 /* Main.storyboard in Resources */,
				3B9B2AE71AE946B800CC641E /* reportrCloud.png in Resources */,
				3B3A617B1AF013290059D0B2 /* videoIcon.png in Resources */,
				3B3A61761AF012760059D0B2 /* backIcon.png in Resources */,
				3B5254CF1AF1834700E64857 /* cameraIcon.png in Resources */,
				3B891F321AE5B38500457517 /* ReportrIcon.png in Resources */,
				3B928E4A1AC5B71000F27710 /* Images.xcassets in Resources */,
				3B8102D61AEAA23500C1D076 /* calendarIcon.png in Resources */,
				3B3A61721AF012760059D0B2 /* personIcon.png in Resources */,
				3B928FB01AC84CD400F27710 /* GoogleMaps.bundle in Resources */,
			);
			runOnlyForDeploymentPostprocessing = 0;
		};
		3B928E501AC5B71000F27710 /* Resources */ = {
			isa = PBXResourcesBuildPhase;
			buildActionMask = 2147483647;
			files = (
				3B891F331AE5B38500457517 /* ReportrIcon.png in Resources */,
			);
			runOnlyForDeploymentPostprocessing = 0;
		};
/* End PBXResourcesBuildPhase section */

/* Begin PBXSourcesBuildPhase section */
		3B928E321AC5B71000F27710 /* Sources */ = {
			isa = PBXSourcesBuildPhase;
			buildActionMask = 2147483647;
			files = (
				3B8F9D0D1AE6D6F700F74EB0 /* LoginViewController.m in Sources */,
				3B8102E21AEAA73900C1D076 /* ScheduleViewController.m in Sources */,
				3B928E3F1AC5B71000F27710 /* AppDelegate.m in Sources */,
				3BA8AE551AE9589E0000C9A8 /* MDDirectionService.m in Sources */,
				3B33256A1AEFF4610020F630 /* DetailButton.m in Sources */,
				3B8F9D151AE6EF7300F74EB0 /* UserModel.m in Sources */,
				3B8F9D221AE84E7300F74EB0 /* AppointmentModel.m in Sources */,
				3B928E3C1AC5B71000F27710 /* main.m in Sources */,
				3B8102E61AEACFB900C1D076 /* AppointmentTableViewCell.m in Sources */,
				3B928E451AC5B71000F27710 /* MapViewController.m in Sources */,
				3B8102DA1AEAA67C00C1D076 /* ScheduleNavigationViewController.m in Sources */,
				3B8F9D1E1AE70AF500F74EB0 /* MapNavigationController.m in Sources */,
				3B8102DE1AEAA6B700C1D076 /* ScheduleTableViewController.m in Sources */,
			);
			runOnlyForDeploymentPostprocessing = 0;
		};
		3B928E4E1AC5B71000F27710 /* Sources */ = {
			isa = PBXSourcesBuildPhase;
			buildActionMask = 2147483647;
			files = (
				3B8F9D0B1AE6D53100F74EB0 /* LoginViewController.m in Sources */,
				3B928E591AC5B71000F27710 /* ReportrTests.m in Sources */,
				3BA8AE561AE9589E0000C9A8 /* MDDirectionService.m in Sources */,
				3B8102E71AEACFB900C1D076 /* AppointmentTableViewCell.m in Sources */,
				3B8F9D161AE6EF7300F74EB0 /* UserModel.m in Sources */,
				3B8F9D231AE84E7300F74EB0 /* AppointmentModel.m in Sources */,
				3B8102DF1AEAA6B700C1D076 /* ScheduleTableViewController.m in Sources */,
				3B8102DB1AEAA67C00C1D076 /* ScheduleNavigationViewController.m in Sources */,
				3B8102E31AEAA73900C1D076 /* ScheduleViewController.m in Sources */,
				3B8F9D1F1AE70AF500F74EB0 /* MapNavigationController.m in Sources */,
			);
			runOnlyForDeploymentPostprocessing = 0;
		};
/* End PBXSourcesBuildPhase section */

/* Begin PBXTargetDependency section */
		3B928E541AC5B71000F27710 /* PBXTargetDependency */ = {
			isa = PBXTargetDependency;
			target = 3B928E351AC5B71000F27710 /* Reportr */;
			targetProxy = 3B928E531AC5B71000F27710 /* PBXContainerItemProxy */;
		};
/* End PBXTargetDependency section */

/* Begin PBXVariantGroup section */
		3B928E461AC5B71000F27710 /* Main.storyboard */ = {
			isa = PBXVariantGroup;
			children = (
				3B928E471AC5B71000F27710 /* Base */,
			);
			name = Main.storyboard;
			sourceTree = "<group>";
		};
		3B928E4B1AC5B71000F27710 /* LaunchScreen.xib */ = {
			isa = PBXVariantGroup;
			children = (
				3B928E4C1AC5B71000F27710 /* Base */,
			);
			name = LaunchScreen.xib;
			sourceTree = "<group>";
		};
/* End PBXVariantGroup section */

/* Begin XCBuildConfiguration section */
		3B928E5A1AC5B71000F27710 /* Debug */ = {
			isa = XCBuildConfiguration;
			buildSettings = {
				ALWAYS_SEARCH_USER_PATHS = NO;
				CLANG_CXX_LANGUAGE_STANDARD = "gnu++0x";
				CLANG_CXX_LIBRARY = "libc++";
				CLANG_ENABLE_MODULES = YES;
				CLANG_ENABLE_OBJC_ARC = YES;
				CLANG_WARN_BOOL_CONVERSION = YES;
				CLANG_WARN_CONSTANT_CONVERSION = YES;
				CLANG_WARN_DIRECT_OBJC_ISA_USAGE = YES_ERROR;
				CLANG_WARN_EMPTY_BODY = YES;
				CLANG_WARN_ENUM_CONVERSION = YES;
				CLANG_WARN_INT_CONVERSION = YES;
				CLANG_WARN_OBJC_ROOT_CLASS = YES_ERROR;
				CLANG_WARN_UNREACHABLE_CODE = YES;
				CLANG_WARN__DUPLICATE_METHOD_MATCH = YES;
				"CODE_SIGN_IDENTITY[sdk=iphoneos*]" = "iPhone Developer";
				COPY_PHASE_STRIP = NO;
				ENABLE_STRICT_OBJC_MSGSEND = YES;
				GCC_C_LANGUAGE_STANDARD = gnu99;
				GCC_DYNAMIC_NO_PIC = NO;
				GCC_OPTIMIZATION_LEVEL = 0;
				GCC_PREPROCESSOR_DEFINITIONS = (
					"DEBUG=1",
					"$(inherited)",
				);
				GCC_SYMBOLS_PRIVATE_EXTERN = NO;
				GCC_WARN_64_TO_32_BIT_CONVERSION = YES;
				GCC_WARN_ABOUT_RETURN_TYPE = YES_ERROR;
				GCC_WARN_UNDECLARED_SELECTOR = YES;
				GCC_WARN_UNINITIALIZED_AUTOS = YES_AGGRESSIVE;
				GCC_WARN_UNUSED_FUNCTION = YES;
				GCC_WARN_UNUSED_VARIABLE = YES;
				IPHONEOS_DEPLOYMENT_TARGET = 8.2;
				MTL_ENABLE_DEBUG_INFO = YES;
				ONLY_ACTIVE_ARCH = YES;
				OTHER_LDFLAGS = "-ObjC";
				SDKROOT = iphoneos;
				TARGETED_DEVICE_FAMILY = "1,2";
			};
			name = Debug;
		};
		3B928E5B1AC5B71000F27710 /* Release */ = {
			isa = XCBuildConfiguration;
			buildSettings = {
				ALWAYS_SEARCH_USER_PATHS = NO;
				CLANG_CXX_LANGUAGE_STANDARD = "gnu++0x";
				CLANG_CXX_LIBRARY = "libc++";
				CLANG_ENABLE_MODULES = YES;
				CLANG_ENABLE_OBJC_ARC = YES;
				CLANG_WARN_BOOL_CONVERSION = YES;
				CLANG_WARN_CONSTANT_CONVERSION = YES;
				CLANG_WARN_DIRECT_OBJC_ISA_USAGE = YES_ERROR;
				CLANG_WARN_EMPTY_BODY = YES;
				CLANG_WARN_ENUM_CONVERSION = YES;
				CLANG_WARN_INT_CONVERSION = YES;
				CLANG_WARN_OBJC_ROOT_CLASS = YES_ERROR;
				CLANG_WARN_UNREACHABLE_CODE = YES;
				CLANG_WARN__DUPLICATE_METHOD_MATCH = YES;
				"CODE_SIGN_IDENTITY[sdk=iphoneos*]" = "iPhone Developer";
				COPY_PHASE_STRIP = NO;
				ENABLE_NS_ASSERTIONS = NO;
				ENABLE_STRICT_OBJC_MSGSEND = YES;
				GCC_C_LANGUAGE_STANDARD = gnu99;
				GCC_WARN_64_TO_32_BIT_CONVERSION = YES;
				GCC_WARN_ABOUT_RETURN_TYPE = YES_ERROR;
				GCC_WARN_UNDECLARED_SELECTOR = YES;
				GCC_WARN_UNINITIALIZED_AUTOS = YES_AGGRESSIVE;
				GCC_WARN_UNUSED_FUNCTION = YES;
				GCC_WARN_UNUSED_VARIABLE = YES;
				IPHONEOS_DEPLOYMENT_TARGET = 8.2;
				MTL_ENABLE_DEBUG_INFO = NO;
				ONLY_ACTIVE_ARCH = YES;
				OTHER_LDFLAGS = "-ObjC";
				SDKROOT = iphoneos;
				TARGETED_DEVICE_FAMILY = "1,2";
				VALIDATE_PRODUCT = YES;
			};
			name = Release;
		};
		3B928E5D1AC5B71000F27710 /* Debug */ = {
			isa = XCBuildConfiguration;
			buildSettings = {
				ASSETCATALOG_COMPILER_APPICON_NAME = AppIcon;
				CODE_SIGN_IDENTITY = "iPhone Developer";
				FRAMEWORK_SEARCH_PATHS = (
					"$(inherited)",
					"$(PROJECT_DIR)/Reportr/GoogleMaps-iOS-1.9.2",
					"$(PROJECT_DIR)/Reportr/GoogleMaps-iOS-1.9.2/GoogleMapsSDKDemos",
					"$(PROJECT_DIR)/Reportr",
					"$(PROJECT_DIR)",
				);
				INFOPLIST_FILE = Reportr/Info.plist;
				IPHONEOS_DEPLOYMENT_TARGET = 8.2;
				LD_RUNPATH_SEARCH_PATHS = "$(inherited) @executable_path/Frameworks";
				PRODUCT_NAME = "$(TARGET_NAME)";
				TARGETED_DEVICE_FAMILY = 1;
			};
			name = Debug;
		};
		3B928E5E1AC5B71000F27710 /* Release */ = {
			isa = XCBuildConfiguration;
			buildSettings = {
				ASSETCATALOG_COMPILER_APPICON_NAME = AppIcon;
				CODE_SIGN_IDENTITY = "iPhone Developer";
				FRAMEWORK_SEARCH_PATHS = (
					"$(inherited)",
					"$(PROJECT_DIR)/Reportr/GoogleMaps-iOS-1.9.2",
					"$(PROJECT_DIR)/Reportr/GoogleMaps-iOS-1.9.2/GoogleMapsSDKDemos",
					"$(PROJECT_DIR)/Reportr",
					"$(PROJECT_DIR)",
				);
				INFOPLIST_FILE = Reportr/Info.plist;
				IPHONEOS_DEPLOYMENT_TARGET = 8.2;
				LD_RUNPATH_SEARCH_PATHS = "$(inherited) @executable_path/Frameworks";
				PRODUCT_NAME = "$(TARGET_NAME)";
				TARGETED_DEVICE_FAMILY = 1;
			};
			name = Release;
		};
		3B928E601AC5B71000F27710 /* Debug */ = {
			isa = XCBuildConfiguration;
			buildSettings = {
				BUNDLE_LOADER = "$(TEST_HOST)";
				FRAMEWORK_SEARCH_PATHS = (
					"$(SDKROOT)/Developer/Library/Frameworks",
					"$(inherited)",
					"$(PROJECT_DIR)",
				);
				GCC_PREPROCESSOR_DEFINITIONS = (
					"DEBUG=1",
					"$(inherited)",
				);
				INFOPLIST_FILE = ReportrTests/Info.plist;
				LD_RUNPATH_SEARCH_PATHS = "$(inherited) @executable_path/Frameworks @loader_path/Frameworks";
				PRODUCT_NAME = "$(TARGET_NAME)";
				TEST_HOST = "$(BUILT_PRODUCTS_DIR)/Reportr.app/Reportr";
			};
			name = Debug;
		};
		3B928E611AC5B71000F27710 /* Release */ = {
			isa = XCBuildConfiguration;
			buildSettings = {
				BUNDLE_LOADER = "$(TEST_HOST)";
				FRAMEWORK_SEARCH_PATHS = (
					"$(SDKROOT)/Developer/Library/Frameworks",
					"$(inherited)",
					"$(PROJECT_DIR)",
				);
				INFOPLIST_FILE = ReportrTests/Info.plist;
				LD_RUNPATH_SEARCH_PATHS = "$(inherited) @executable_path/Frameworks @loader_path/Frameworks";
				PRODUCT_NAME = "$(TARGET_NAME)";
				TEST_HOST = "$(BUILT_PRODUCTS_DIR)/Reportr.app/Reportr";
			};
			name = Release;
		};
/* End XCBuildConfiguration section */

/* Begin XCConfigurationList section */
		3B928E311AC5B71000F27710 /* Build configuration list for PBXProject "Reportr" */ = {
			isa = XCConfigurationList;
			buildConfigurations = (
				3B928E5A1AC5B71000F27710 /* Debug */,
				3B928E5B1AC5B71000F27710 /* Release */,
			);
			defaultConfigurationIsVisible = 0;
			defaultConfigurationName = Release;
		};
		3B928E5C1AC5B71000F27710 /* Build configuration list for PBXNativeTarget "Reportr" */ = {
			isa = XCConfigurationList;
			buildConfigurations = (
				3B928E5D1AC5B71000F27710 /* Debug */,
				3B928E5E1AC5B71000F27710 /* Release */,
			);
			defaultConfigurationIsVisible = 0;
			defaultConfigurationName = Release;
		};
		3B928E5F1AC5B71000F27710 /* Build configuration list for PBXNativeTarget "ReportrTests" */ = {
			isa = XCConfigurationList;
			buildConfigurations = (
				3B928E601AC5B71000F27710 /* Debug */,
				3B928E611AC5B71000F27710 /* Release */,
			);
			defaultConfigurationIsVisible = 0;
			defaultConfigurationName = Release;
		};
/* End XCConfigurationList section */
	};
	rootObject = 3B928E2E1AC5B71000F27710 /* Project object */;
}
